
Microsoft Visual Studio Solution File, Format Version 12.00
# Visual Studio Version 16
VisualStudioVersion = 16.0.33423.256
MinimumVisualStudioVersion = 10.0.40219.1
Project("{FAE04EC0-301F-11D3-BF4B-00C04F79EFBC}") = "LaColectivaAPI", "LaColectivaAPI.csproj", "{435DAC78-9734-4B3E-9C6A-F9A717781A16}"
EndProject
Project("{FAE04EC0-301F-11D3-BF4B-00C04F79EFBC}") = "LaColectivaAPI.Tests", "..\LaColectivaAPI.Tests\LaColectivaAPI.Tests.csproj", "{77A20DBA-DC26-4895-8176-9D045639F174}"
EndProject
Global
	GlobalSection(SolutionConfigurationPlatforms) = preSolution
		Debug|Any CPU = Debug|Any CPU
		Release|Any CPU = Release|Any CPU
	EndGlobalSection
	GlobalSection(ProjectConfigurationPlatforms) = postSolution
		{435DAC78-9734-4B3E-9C6A-F9A717781A16}.Debug|Any CPU.ActiveCfg = Debug|Any CPU
		{435DAC78-9734-4B3E-9C6A-F9A717781A16}.Debug|Any CPU.Build.0 = Debug|Any CPU
		{435DAC78-9734-4B3E-9C6A-F9A717781A16}.Release|Any CPU.ActiveCfg = Release|Any CPU
		{435DAC78-9734-4B3E-9C6A-F9A717781A16}.Release|Any CPU.Build.0 = Release|Any CPU
		{77A20DBA-DC26-4895-8176-9D045639F174}.Debug|Any CPU.ActiveCfg = Debug|Any CPU
		{77A20DBA-DC26-4895-8176-9D045639F174}.Debug|Any CPU.Build.0 = Debug|Any CPU
		{77A20DBA-DC26-4895-8176-9D045639F174}.Release|Any CPU.ActiveCfg = Release|Any CPU
		{77A20DBA-DC26-4895-8176-9D045639F174}.Release|Any CPU.Build.0 = Release|Any CPU
	EndGlobalSection
	GlobalSection(SolutionProperties) = preSolution
		HideSolutionNode = FALSE
	EndGlobalSection
	GlobalSection(ExtensibilityGlobals) = postSolution
		SolutionGuid = {283C787D-59BA-441E-A32E-D4B4AA52D9F6}
	EndGlobalSection
EndGlobal
